// !$*UTF8*$!
{
	archiveVersion = 1;
	classes = {
	};
	objectVersion = 56;
	objects = {

/* Begin PBXBuildFile section */
		4E3E8E2329EEFED400D1F87A /* AppDelegate.swift in Sources */ = {isa = PBXBuildFile; fileRef = 4E3E8E2229EEFED400D1F87A /* AppDelegate.swift */; };
		4E3E8E2529EEFED400D1F87A /* SceneDelegate.swift in Sources */ = {isa = PBXBuildFile; fileRef = 4E3E8E2429EEFED400D1F87A /* SceneDelegate.swift */; };
		4E3E8E2729EEFED400D1F87A /* ListViewController.swift in Sources */ = {isa = PBXBuildFile; fileRef = 4E3E8E2629EEFED400D1F87A /* ListViewController.swift */; };
		4E3E8E2A29EEFED400D1F87A /* Main.storyboard in Resources */ = {isa = PBXBuildFile; fileRef = 4E3E8E2829EEFED400D1F87A /* Main.storyboard */; };
		4E3E8E2D29EEFED400D1F87A /* CoinWatch.xcdatamodeld in Sources */ = {isa = PBXBuildFile; fileRef = 4E3E8E2B29EEFED400D1F87A /* CoinWatch.xcdatamodeld */; };
		4E3E8E2F29EEFED500D1F87A /* Assets.xcassets in Resources */ = {isa = PBXBuildFile; fileRef = 4E3E8E2E29EEFED500D1F87A /* Assets.xcassets */; };
		4E3E8E3229EEFED500D1F87A /* LaunchScreen.storyboard in Resources */ = {isa = PBXBuildFile; fileRef = 4E3E8E3029EEFED500D1F87A /* LaunchScreen.storyboard */; };
		4E3E8E4329EF053300D1F87A /* ListViewModel.swift in Sources */ = {isa = PBXBuildFile; fileRef = 4E3E8E4229EF053300D1F87A /* ListViewModel.swift */; };
		4E3E8E4629EF057500D1F87A /* ListProtocols.swift in Sources */ = {isa = PBXBuildFile; fileRef = 4E3E8E4529EF057500D1F87A /* ListProtocols.swift */; };
		4E9711B829EF203400BE9727 /* SectionType.swift in Sources */ = {isa = PBXBuildFile; fileRef = 4E9711B729EF203400BE9727 /* SectionType.swift */; };
		4E9711BB29EF26D900BE9727 /* Constants.swift in Sources */ = {isa = PBXBuildFile; fileRef = 4E9711BA29EF26D900BE9727 /* Constants.swift */; };
		4E9711BE29EFDDA100BE9727 /* Alamofire in Frameworks */ = {isa = PBXBuildFile; productRef = 4E9711BD29EFDDA100BE9727 /* Alamofire */; };
		4E9711C129EFEBCA00BE9727 /* NetworkManager.swift in Sources */ = {isa = PBXBuildFile; fileRef = 4E9711C029EFEBCA00BE9727 /* NetworkManager.swift */; };
		4E9711C429EFECEE00BE9727 /* APIMethodProtocol.swift in Sources */ = {isa = PBXBuildFile; fileRef = 4E9711C329EFECED00BE9727 /* APIMethodProtocol.swift */; };
		4E9711C629EFFF0400BE9727 /* ListViewDataProvider.swift in Sources */ = {isa = PBXBuildFile; fileRef = 4E9711C529EFFF0400BE9727 /* ListViewDataProvider.swift */; };
		4E9711C829F011FB00BE9727 /* PairList.swift in Sources */ = {isa = PBXBuildFile; fileRef = 4E9711C729F011FB00BE9727 /* PairList.swift */; };
		4E9711CB29F0358F00BE9727 /* PairListCell.swift in Sources */ = {isa = PBXBuildFile; fileRef = 4E9711C929F0358F00BE9727 /* PairListCell.swift */; };
		4E9711CC29F0358F00BE9727 /* PairListCell.xib in Resources */ = {isa = PBXBuildFile; fileRef = 4E9711CA29F0358F00BE9727 /* PairListCell.xib */; };
		4E9711CF29F1514900BE9727 /* ListViewSectionHeader.swift in Sources */ = {isa = PBXBuildFile; fileRef = 4E9711CD29F1514900BE9727 /* ListViewSectionHeader.swift */; };
		4E9711D029F1514900BE9727 /* ListViewSectionHeader.xib in Resources */ = {isa = PBXBuildFile; fileRef = 4E9711CE29F1514900BE9727 /* ListViewSectionHeader.xib */; };
		4E9711D729F15C0300BE9727 /* FavoriteListCell.swift in Sources */ = {isa = PBXBuildFile; fileRef = 4E9711D529F15C0300BE9727 /* FavoriteListCell.swift */; };
		4E9711D829F15C0300BE9727 /* FavoriteListCell.xib in Resources */ = {isa = PBXBuildFile; fileRef = 4E9711D629F15C0300BE9727 /* FavoriteListCell.xib */; };
/* End PBXBuildFile section */

/* Begin PBXFileReference section */
		4E3E8E1F29EEFED400D1F87A /* CoinWatch.app */ = {isa = PBXFileReference; explicitFileType = wrapper.application; includeInIndex = 0; path = CoinWatch.app; sourceTree = BUILT_PRODUCTS_DIR; };
		4E3E8E2229EEFED400D1F87A /* AppDelegate.swift */ = {isa = PBXFileReference; lastKnownFileType = sourcecode.swift; path = AppDelegate.swift; sourceTree = "<group>"; };
		4E3E8E2429EEFED400D1F87A /* SceneDelegate.swift */ = {isa = PBXFileReference; lastKnownFileType = sourcecode.swift; path = SceneDelegate.swift; sourceTree = "<group>"; };
		4E3E8E2629EEFED400D1F87A /* ListViewController.swift */ = {isa = PBXFileReference; lastKnownFileType = sourcecode.swift; path = ListViewController.swift; sourceTree = "<group>"; };
		4E3E8E2929EEFED400D1F87A /* Base */ = {isa = PBXFileReference; lastKnownFileType = file.storyboard; name = Base; path = Base.lproj/Main.storyboard; sourceTree = "<group>"; };
		4E3E8E2C29EEFED400D1F87A /* CoinWatch.xcdatamodel */ = {isa = PBXFileReference; lastKnownFileType = wrapper.xcdatamodel; path = CoinWatch.xcdatamodel; sourceTree = "<group>"; };
		4E3E8E2E29EEFED500D1F87A /* Assets.xcassets */ = {isa = PBXFileReference; lastKnownFileType = folder.assetcatalog; path = Assets.xcassets; sourceTree = "<group>"; };
		4E3E8E3129EEFED500D1F87A /* Base */ = {isa = PBXFileReference; lastKnownFileType = file.storyboard; name = Base; path = Base.lproj/LaunchScreen.storyboard; sourceTree = "<group>"; };
		4E3E8E3329EEFED500D1F87A /* Info.plist */ = {isa = PBXFileReference; lastKnownFileType = text.plist.xml; path = Info.plist; sourceTree = "<group>"; };
		4E3E8E4229EF053300D1F87A /* ListViewModel.swift */ = {isa = PBXFileReference; lastKnownFileType = sourcecode.swift; path = ListViewModel.swift; sourceTree = "<group>"; };
		4E3E8E4529EF057500D1F87A /* ListProtocols.swift */ = {isa = PBXFileReference; lastKnownFileType = sourcecode.swift; path = ListProtocols.swift; sourceTree = "<group>"; };
		4E9711B729EF203400BE9727 /* SectionType.swift */ = {isa = PBXFileReference; lastKnownFileType = sourcecode.swift; path = SectionType.swift; sourceTree = "<group>"; };
		4E9711BA29EF26D900BE9727 /* Constants.swift */ = {isa = PBXFileReference; lastKnownFileType = sourcecode.swift; path = Constants.swift; sourceTree = "<group>"; };
		4E9711C029EFEBCA00BE9727 /* NetworkManager.swift */ = {isa = PBXFileReference; lastKnownFileType = sourcecode.swift; path = NetworkManager.swift; sourceTree = "<group>"; };
		4E9711C329EFECED00BE9727 /* APIMethodProtocol.swift */ = {isa = PBXFileReference; lastKnownFileType = sourcecode.swift; path = APIMethodProtocol.swift; sourceTree = "<group>"; };
		4E9711C529EFFF0400BE9727 /* ListViewDataProvider.swift */ = {isa = PBXFileReference; lastKnownFileType = sourcecode.swift; path = ListViewDataProvider.swift; sourceTree = "<group>"; };
		4E9711C729F011FB00BE9727 /* PairList.swift */ = {isa = PBXFileReference; lastKnownFileType = sourcecode.swift; path = PairList.swift; sourceTree = "<group>"; };
		4E9711C929F0358F00BE9727 /* PairListCell.swift */ = {isa = PBXFileReference; lastKnownFileType = sourcecode.swift; path = PairListCell.swift; sourceTree = "<group>"; };
		4E9711CA29F0358F00BE9727 /* PairListCell.xib */ = {isa = PBXFileReference; lastKnownFileType = file.xib; path = PairListCell.xib; sourceTree = "<group>"; };
		4E9711CD29F1514900BE9727 /* ListViewSectionHeader.swift */ = {isa = PBXFileReference; lastKnownFileType = sourcecode.swift; path = ListViewSectionHeader.swift; sourceTree = "<group>"; };
		4E9711CE29F1514900BE9727 /* ListViewSectionHeader.xib */ = {isa = PBXFileReference; lastKnownFileType = file.xib; path = ListViewSectionHeader.xib; sourceTree = "<group>"; };
		4E9711D529F15C0300BE9727 /* FavoriteListCell.swift */ = {isa = PBXFileReference; lastKnownFileType = sourcecode.swift; path = FavoriteListCell.swift; sourceTree = "<group>"; };
		4E9711D629F15C0300BE9727 /* FavoriteListCell.xib */ = {isa = PBXFileReference; lastKnownFileType = file.xib; path = FavoriteListCell.xib; sourceTree = "<group>"; };
/* End PBXFileReference section */

/* Begin PBXFrameworksBuildPhase section */
		4E3E8E1C29EEFED400D1F87A /* Frameworks */ = {
			isa = PBXFrameworksBuildPhase;
			buildActionMask = 2147483647;
			files = (
				4E9711BE29EFDDA100BE9727 /* Alamofire in Frameworks */,
			);
			runOnlyForDeploymentPostprocessing = 0;
		};
/* End PBXFrameworksBuildPhase section */

/* Begin PBXGroup section */
		4E3E8E1629EEFED400D1F87A = {
			isa = PBXGroup;
			children = (
				4E3E8E2129EEFED400D1F87A /* CoinWatch */,
				4E3E8E2029EEFED400D1F87A /* Products */,
			);
			sourceTree = "<group>";
		};
		4E3E8E2029EEFED400D1F87A /* Products */ = {
			isa = PBXGroup;
			children = (
				4E3E8E1F29EEFED400D1F87A /* CoinWatch.app */,
			);
			name = Products;
			sourceTree = "<group>";
		};
		4E3E8E2129EEFED400D1F87A /* CoinWatch */ = {
			isa = PBXGroup;
			children = (
				4E9711B929EF26C800BE9727 /* Helpers */,
				4E3E8E3929EF049800D1F87A /* Screens */,
				4E3E8E2229EEFED400D1F87A /* AppDelegate.swift */,
				4E3E8E2429EEFED400D1F87A /* SceneDelegate.swift */,
				4E3E8E2829EEFED400D1F87A /* Main.storyboard */,
				4E3E8E2E29EEFED500D1F87A /* Assets.xcassets */,
				4E3E8E3029EEFED500D1F87A /* LaunchScreen.storyboard */,
				4E3E8E3329EEFED500D1F87A /* Info.plist */,
				4E3E8E2B29EEFED400D1F87A /* CoinWatch.xcdatamodeld */,
			);
			path = CoinWatch;
			sourceTree = "<group>";
		};
		4E3E8E3929EF049800D1F87A /* Screens */ = {
			isa = PBXGroup;
			children = (
				4E9711BF29EFEBBE00BE9727 /* General */,
				4E3E8E3B29EF04AA00D1F87A /* Detail */,
				4E3E8E3A29EF04A500D1F87A /* List */,
			);
			path = Screens;
			sourceTree = "<group>";
		};
		4E3E8E3A29EF04A500D1F87A /* List */ = {
			isa = PBXGroup;
			children = (
				4E3E8E4429EF056900D1F87A /* Protocols */,
				4E3E8E3C29EF04C700D1F87A /* Model */,
				4E3E8E3E29EF04D800D1F87A /* View */,
				4E3E8E3D29EF04CE00D1F87A /* ViewModel */,
			);
			path = List;
			sourceTree = "<group>";
		};
		4E3E8E3B29EF04AA00D1F87A /* Detail */ = {
			isa = PBXGroup;
			children = (
				4E3E8E4129EF04FA00D1F87A /* Model */,
				4E3E8E4029EF04EF00D1F87A /* View */,
				4E3E8E3F29EF04E900D1F87A /* ViewModel */,
			);
			path = Detail;
			sourceTree = "<group>";
		};
		4E3E8E3C29EF04C700D1F87A /* Model */ = {
			isa = PBXGroup;
			children = (
				4E9711B729EF203400BE9727 /* SectionType.swift */,
				4E9711C729F011FB00BE9727 /* PairList.swift */,
			);
			path = Model;
			sourceTree = "<group>";
		};
		4E3E8E3D29EF04CE00D1F87A /* ViewModel */ = {
			isa = PBXGroup;
			children = (
				4E3E8E4229EF053300D1F87A /* ListViewModel.swift */,
				4E9711C529EFFF0400BE9727 /* ListViewDataProvider.swift */,
			);
			path = ViewModel;
			sourceTree = "<group>";
		};
		4E3E8E3E29EF04D800D1F87A /* View */ = {
			isa = PBXGroup;
			children = (
				4E3E8E2629EEFED400D1F87A /* ListViewController.swift */,
				4E9711C929F0358F00BE9727 /* PairListCell.swift */,
				4E9711CA29F0358F00BE9727 /* PairListCell.xib */,
				4E9711CD29F1514900BE9727 /* ListViewSectionHeader.swift */,
				4E9711CE29F1514900BE9727 /* ListViewSectionHeader.xib */,
				4E9711D529F15C0300BE9727 /* FavoriteListCell.swift */,
				4E9711D629F15C0300BE9727 /* FavoriteListCell.xib */,
			);
			path = View;
			sourceTree = "<group>";
		};
		4E3E8E3F29EF04E900D1F87A /* ViewModel */ = {
			isa = PBXGroup;
			children = (
			);
			path = ViewModel;
			sourceTree = "<group>";
		};
		4E3E8E4029EF04EF00D1F87A /* View */ = {
			isa = PBXGroup;
			children = (
			);
			path = View;
			sourceTree = "<group>";
		};
		4E3E8E4129EF04FA00D1F87A /* Model */ = {
			isa = PBXGroup;
			children = (
			);
			path = Model;
			sourceTree = "<group>";
		};
		4E3E8E4429EF056900D1F87A /* Protocols */ = {
			isa = PBXGroup;
			children = (
				4E3E8E4529EF057500D1F87A /* ListProtocols.swift */,
			);
			path = Protocols;
			sourceTree = "<group>";
		};
		4E9711B929EF26C800BE9727 /* Helpers */ = {
			isa = PBXGroup;
			children = (
				4E9711BA29EF26D900BE9727 /* Constants.swift */,
			);
			path = Helpers;
			sourceTree = "<group>";
		};
		4E9711BF29EFEBBE00BE9727 /* General */ = {
			isa = PBXGroup;
			children = (
				4E9711C229EFECD800BE9727 /* Protocols */,
				4E9711C029EFEBCA00BE9727 /* NetworkManager.swift */,
			);
			path = General;
			sourceTree = "<group>";
		};
		4E9711C229EFECD800BE9727 /* Protocols */ = {
			isa = PBXGroup;
			children = (
				4E9711C329EFECED00BE9727 /* APIMethodProtocol.swift */,
			);
			path = Protocols;
			sourceTree = "<group>";
		};
/* End PBXGroup section */

/* Begin PBXNativeTarget section */
		4E3E8E1E29EEFED400D1F87A /* CoinWatch */ = {
			isa = PBXNativeTarget;
			buildConfigurationList = 4E3E8E3629EEFED500D1F87A /* Build configuration list for PBXNativeTarget "CoinWatch" */;
			buildPhases = (
				4E3E8E1B29EEFED400D1F87A /* Sources */,
				4E3E8E1C29EEFED400D1F87A /* Frameworks */,
				4E3E8E1D29EEFED400D1F87A /* Resources */,
			);
			buildRules = (
			);
			dependencies = (
			);
			name = CoinWatch;
			packageProductDependencies = (
				4E9711BD29EFDDA100BE9727 /* Alamofire */,
			);
			productName = CoinWatch;
			productReference = 4E3E8E1F29EEFED400D1F87A /* CoinWatch.app */;
			productType = "com.apple.product-type.application";
		};
/* End PBXNativeTarget section */

/* Begin PBXProject section */
		4E3E8E1729EEFED400D1F87A /* Project object */ = {
			isa = PBXProject;
			attributes = {
				BuildIndependentTargetsInParallel = 1;
				LastSwiftUpdateCheck = 1400;
				LastUpgradeCheck = 1400;
				TargetAttributes = {
					4E3E8E1E29EEFED400D1F87A = {
						CreatedOnToolsVersion = 14.0;
					};
				};
			};
			buildConfigurationList = 4E3E8E1A29EEFED400D1F87A /* Build configuration list for PBXProject "CoinWatch" */;
			compatibilityVersion = "Xcode 14.0";
			developmentRegion = en;
			hasScannedForEncodings = 0;
			knownRegions = (
				en,
				Base,
			);
			mainGroup = 4E3E8E1629EEFED400D1F87A;
			packageReferences = (
				4E9711BC29EFDDA100BE9727 /* XCRemoteSwiftPackageReference "Alamofire" */,
			);
			productRefGroup = 4E3E8E2029EEFED400D1F87A /* Products */;
			projectDirPath = "";
			projectRoot = "";
			targets = (
				4E3E8E1E29EEFED400D1F87A /* CoinWatch */,
			);
		};
/* End PBXProject section */

/* Begin PBXResourcesBuildPhase section */
		4E3E8E1D29EEFED400D1F87A /* Resources */ = {
			isa = PBXResourcesBuildPhase;
			buildActionMask = 2147483647;
			files = (
				4E3E8E3229EEFED500D1F87A /* LaunchScreen.storyboard in Resources */,
				4E9711CC29F0358F00BE9727 /* PairListCell.xib in Resources */,
				4E3E8E2F29EEFED500D1F87A /* Assets.xcassets in Resources */,
				4E3E8E2A29EEFED400D1F87A /* Main.storyboard in Resources */,
				4E9711D029F1514900BE9727 /* ListViewSectionHeader.xib in Resources */,
				4E9711D829F15C0300BE9727 /* FavoriteListCell.xib in Resources */,
			);
			runOnlyForDeploymentPostprocessing = 0;
		};
/* End PBXResourcesBuildPhase section */

/* Begin PBXSourcesBuildPhase section */
		4E3E8E1B29EEFED400D1F87A /* Sources */ = {
			isa = PBXSourcesBuildPhase;
			buildActionMask = 2147483647;
			files = (
				4E9711C129EFEBCA00BE9727 /* NetworkManager.swift in Sources */,
				4E9711CB29F0358F00BE9727 /* PairListCell.swift in Sources */,
				4E3E8E4329EF053300D1F87A /* ListViewModel.swift in Sources */,
				4E3E8E2729EEFED400D1F87A /* ListViewController.swift in Sources */,
				4E9711C429EFECEE00BE9727 /* APIMethodProtocol.swift in Sources */,
				4E3E8E2329EEFED400D1F87A /* AppDelegate.swift in Sources */,
				4E3E8E2D29EEFED400D1F87A /* CoinWatch.xcdatamodeld in Sources */,
				4E9711CF29F1514900BE9727 /* ListViewSectionHeader.swift in Sources */,
				4E3E8E2529EEFED400D1F87A /* SceneDelegate.swift in Sources */,
				4E9711B829EF203400BE9727 /* SectionType.swift in Sources */,
				4E3E8E4629EF057500D1F87A /* ListProtocols.swift in Sources */,
				4E9711D729F15C0300BE9727 /* FavoriteListCell.swift in Sources */,
				4E9711C829F011FB00BE9727 /* PairList.swift in Sources */,
				4E9711C629EFFF0400BE9727 /* ListViewDataProvider.swift in Sources */,
				4E9711BB29EF26D900BE9727 /* Constants.swift in Sources */,
			);
			runOnlyForDeploymentPostprocessing = 0;
		};
/* End PBXSourcesBuildPhase section */

/* Begin PBXVariantGroup section */
		4E3E8E2829EEFED400D1F87A /* Main.storyboard */ = {
			isa = PBXVariantGroup;
			children = (
				4E3E8E2929EEFED400D1F87A /* Base */,
			);
			name = Main.storyboard;
			sourceTree = "<group>";
		};
		4E3E8E3029EEFED500D1F87A /* LaunchScreen.storyboard */ = {
			isa = PBXVariantGroup;
			children = (
				4E3E8E3129EEFED500D1F87A /* Base */,
			);
			name = LaunchScreen.storyboard;
			sourceTree = "<group>";
		};
/* End PBXVariantGroup section */

/* Begin XCBuildConfiguration section */
		4E3E8E3429EEFED500D1F87A /* Debug */ = {
			isa = XCBuildConfiguration;
			buildSettings = {
				ALWAYS_SEARCH_USER_PATHS = NO;
				CLANG_ANALYZER_NONNULL = YES;
				CLANG_ANALYZER_NUMBER_OBJECT_CONVERSION = YES_AGGRESSIVE;
				CLANG_CXX_LANGUAGE_STANDARD = "gnu++20";
				CLANG_ENABLE_MODULES = YES;
				CLANG_ENABLE_OBJC_ARC = YES;
				CLANG_ENABLE_OBJC_WEAK = YES;
				CLANG_WARN_BLOCK_CAPTURE_AUTORELEASING = YES;
				CLANG_WARN_BOOL_CONVERSION = YES;
				CLANG_WARN_COMMA = YES;
				CLANG_WARN_CONSTANT_CONVERSION = YES;
				CLANG_WARN_DEPRECATED_OBJC_IMPLEMENTATIONS = YES;
				CLANG_WARN_DIRECT_OBJC_ISA_USAGE = YES_ERROR;
				CLANG_WARN_DOCUMENTATION_COMMENTS = YES;
				CLANG_WARN_EMPTY_BODY = YES;
				CLANG_WARN_ENUM_CONVERSION = YES;
				CLANG_WARN_INFINITE_RECURSION = YES;
				CLANG_WARN_INT_CONVERSION = YES;
				CLANG_WARN_NON_LITERAL_NULL_CONVERSION = YES;
				CLANG_WARN_OBJC_IMPLICIT_RETAIN_SELF = YES;
				CLANG_WARN_OBJC_LITERAL_CONVERSION = YES;
				CLANG_WARN_OBJC_ROOT_CLASS = YES_ERROR;
				CLANG_WARN_QUOTED_INCLUDE_IN_FRAMEWORK_HEADER = YES;
				CLANG_WARN_RANGE_LOOP_ANALYSIS = YES;
				CLANG_WARN_STRICT_PROTOTYPES = YES;
				CLANG_WARN_SUSPICIOUS_MOVE = YES;
				CLANG_WARN_UNGUARDED_AVAILABILITY = YES_AGGRESSIVE;
				CLANG_WARN_UNREACHABLE_CODE = YES;
				CLANG_WARN__DUPLICATE_METHOD_MATCH = YES;
				COPY_PHASE_STRIP = NO;
				DEBUG_INFORMATION_FORMAT = dwarf;
				ENABLE_STRICT_OBJC_MSGSEND = YES;
				ENABLE_TESTABILITY = YES;
				GCC_C_LANGUAGE_STANDARD = gnu11;
				GCC_DYNAMIC_NO_PIC = NO;
				GCC_NO_COMMON_BLOCKS = YES;
				GCC_OPTIMIZATION_LEVEL = 0;
				GCC_PREPROCESSOR_DEFINITIONS = (
					"DEBUG=1",
					"$(inherited)",
				);
				GCC_WARN_64_TO_32_BIT_CONVERSION = YES;
				GCC_WARN_ABOUT_RETURN_TYPE = YES_ERROR;
				GCC_WARN_UNDECLARED_SELECTOR = YES;
				GCC_WARN_UNINITIALIZED_AUTOS = YES_AGGRESSIVE;
				GCC_WARN_UNUSED_FUNCTION = YES;
				GCC_WARN_UNUSED_VARIABLE = YES;
				IPHONEOS_DEPLOYMENT_TARGET = 16.0;
				MTL_ENABLE_DEBUG_INFO = INCLUDE_SOURCE;
				MTL_FAST_MATH = YES;
				ONLY_ACTIVE_ARCH = YES;
				SDKROOT = iphoneos;
				SWIFT_ACTIVE_COMPILATION_CONDITIONS = DEBUG;
				SWIFT_OPTIMIZATION_LEVEL = "-Onone";
			};
			name = Debug;
		};
		4E3E8E3529EEFED500D1F87A /* Release */ = {
			isa = XCBuildConfiguration;
			buildSettings = {
				ALWAYS_SEARCH_USER_PATHS = NO;
				CLANG_ANALYZER_NONNULL = YES;
				CLANG_ANALYZER_NUMBER_OBJECT_CONVERSION = YES_AGGRESSIVE;
				CLANG_CXX_LANGUAGE_STANDARD = "gnu++20";
				CLANG_ENABLE_MODULES = YES;
				CLANG_ENABLE_OBJC_ARC = YES;
				CLANG_ENABLE_OBJC_WEAK = YES;
				CLANG_WARN_BLOCK_CAPTURE_AUTORELEASING = YES;
				CLANG_WARN_BOOL_CONVERSION = YES;
				CLANG_WARN_COMMA = YES;
				CLANG_WARN_CONSTANT_CONVERSION = YES;
				CLANG_WARN_DEPRECATED_OBJC_IMPLEMENTATIONS = YES;
				CLANG_WARN_DIRECT_OBJC_ISA_USAGE = YES_ERROR;
				CLANG_WARN_DOCUMENTATION_COMMENTS = YES;
				CLANG_WARN_EMPTY_BODY = YES;
				CLANG_WARN_ENUM_CONVERSION = YES;
				CLANG_WARN_INFINITE_RECURSION = YES;
				CLANG_WARN_INT_CONVERSION = YES;
				CLANG_WARN_NON_LITERAL_NULL_CONVERSION = YES;
				CLANG_WARN_OBJC_IMPLICIT_RETAIN_SELF = YES;
				CLANG_WARN_OBJC_LITERAL_CONVERSION = YES;
				CLANG_WARN_OBJC_ROOT_CLASS = YES_ERROR;
				CLANG_WARN_QUOTED_INCLUDE_IN_FRAMEWORK_HEADER = YES;
				CLANG_WARN_RANGE_LOOP_ANALYSIS = YES;
				CLANG_WARN_STRICT_PROTOTYPES = YES;
				CLANG_WARN_SUSPICIOUS_MOVE = YES;
				CLANG_WARN_UNGUARDED_AVAILABILITY = YES_AGGRESSIVE;
				CLANG_WARN_UNREACHABLE_CODE = YES;
				CLANG_WARN__DUPLICATE_METHOD_MATCH = YES;
				COPY_PHASE_STRIP = NO;
				DEBUG_INFORMATION_FORMAT = "dwarf-with-dsym";
				ENABLE_NS_ASSERTIONS = NO;
				ENABLE_STRICT_OBJC_MSGSEND = YES;
				GCC_C_LANGUAGE_STANDARD = gnu11;
				GCC_NO_COMMON_BLOCKS = YES;
				GCC_WARN_64_TO_32_BIT_CONVERSION = YES;
				GCC_WARN_ABOUT_RETURN_TYPE = YES_ERROR;
				GCC_WARN_UNDECLARED_SELECTOR = YES;
				GCC_WARN_UNINITIALIZED_AUTOS = YES_AGGRESSIVE;
				GCC_WARN_UNUSED_FUNCTION = YES;
				GCC_WARN_UNUSED_VARIABLE = YES;
				IPHONEOS_DEPLOYMENT_TARGET = 16.0;
				MTL_ENABLE_DEBUG_INFO = NO;
				MTL_FAST_MATH = YES;
				SDKROOT = iphoneos;
				SWIFT_COMPILATION_MODE = wholemodule;
				SWIFT_OPTIMIZATION_LEVEL = "-O";
				VALIDATE_PRODUCT = YES;
			};
			name = Release;
		};
		4E3E8E3729EEFED500D1F87A /* Debug */ = {
			isa = XCBuildConfiguration;
			buildSettings = {
				ASSETCATALOG_COMPILER_APPICON_NAME = AppIcon;
				ASSETCATALOG_COMPILER_GLOBAL_ACCENT_COLOR_NAME = AccentColor;
				CODE_SIGN_STYLE = Automatic;
				CURRENT_PROJECT_VERSION = 1;
				DEVELOPMENT_TEAM = 4C8UGQ6HH6;
				GENERATE_INFOPLIST_FILE = YES;
				INFOPLIST_FILE = CoinWatch/Info.plist;
				INFOPLIST_KEY_UIApplicationSupportsIndirectInputEvents = YES;
				INFOPLIST_KEY_UILaunchStoryboardName = LaunchScreen;
				INFOPLIST_KEY_UIMainStoryboardFile = Main;
				INFOPLIST_KEY_UISupportedInterfaceOrientations_iPad = "UIInterfaceOrientationPortrait UIInterfaceOrientationPortraitUpsideDown UIInterfaceOrientationLandscapeLeft UIInterfaceOrientationLandscapeRight";
				INFOPLIST_KEY_UISupportedInterfaceOrientations_iPhone = "UIInterfaceOrientationPortrait UIInterfaceOrientationLandscapeLeft UIInterfaceOrientationLandscapeRight";
				IPHONEOS_DEPLOYMENT_TARGET = 13.0;
				LD_RUNPATH_SEARCH_PATHS = (
					"$(inherited)",
					"@executable_path/Frameworks",
				);
				MARKETING_VERSION = 1.0;
				PRODUCT_BUNDLE_IDENTIFIER = com.anilkul.CoinWatch;
				PRODUCT_NAME = "$(TARGET_NAME)";
				SWIFT_EMIT_LOC_STRINGS = YES;
				SWIFT_VERSION = 5.0;
				TARGETED_DEVICE_FAMILY = "1,2";
			};
			name = Debug;
		};
		4E3E8E3829EEFED500D1F87A /* Release */ = {
			isa = XCBuildConfiguration;
			buildSettings = {
				ASSETCATALOG_COMPILER_APPICON_NAME = AppIcon;
				ASSETCATALOG_COMPILER_GLOBAL_ACCENT_COLOR_NAME = AccentColor;
				CODE_SIGN_STYLE = Automatic;
				CURRENT_PROJECT_VERSION = 1;
				DEVELOPMENT_TEAM = 4C8UGQ6HH6;
				GENERATE_INFOPLIST_FILE = YES;
				INFOPLIST_FILE = CoinWatch/Info.plist;
				INFOPLIST_KEY_UIApplicationSupportsIndirectInputEvents = YES;
				INFOPLIST_KEY_UILaunchStoryboardName = LaunchScreen;
				INFOPLIST_KEY_UIMainStoryboardFile = Main;
				INFOPLIST_KEY_UISupportedInterfaceOrientations_iPad = "UIInterfaceOrientationPortrait UIInterfaceOrientationPortraitUpsideDown UIInterfaceOrientationLandscapeLeft UIInterfaceOrientationLandscapeRight";
				INFOPLIST_KEY_UISupportedInterfaceOrientations_iPhone = "UIInterfaceOrientationPortrait UIInterfaceOrientationLandscapeLeft UIInterfaceOrientationLandscapeRight";
				IPHONEOS_DEPLOYMENT_TARGET = 13.0;
				LD_RUNPATH_SEARCH_PATHS = (
					"$(inherited)",
					"@executable_path/Frameworks",
				);
				MARKETING_VERSION = 1.0;
				PRODUCT_BUNDLE_IDENTIFIER = com.anilkul.CoinWatch;
				PRODUCT_NAME = "$(TARGET_NAME)";
				SWIFT_EMIT_LOC_STRINGS = YES;
				SWIFT_VERSION = 5.0;
				TARGETED_DEVICE_FAMILY = "1,2";
			};
			name = Release;
		};
/* End XCBuildConfiguration section */

/* Begin XCConfigurationList section */
		4E3E8E1A29EEFED400D1F87A /* Build configuration list for PBXProject "CoinWatch" */ = {
			isa = XCConfigurationList;
			buildConfigurations = (
				4E3E8E3429EEFED500D1F87A /* Debug */,
				4E3E8E3529EEFED500D1F87A /* Release */,
			);
			defaultConfigurationIsVisible = 0;
			defaultConfigurationName = Release;
		};
		4E3E8E3629EEFED500D1F87A /* Build configuration list for PBXNativeTarget "CoinWatch" */ = {
			isa = XCConfigurationList;
			buildConfigurations = (
				4E3E8E3729EEFED500D1F87A /* Debug */,
				4E3E8E3829EEFED500D1F87A /* Release */,
			);
			defaultConfigurationIsVisible = 0;
			defaultConfigurationName = Release;
		};
/* End XCConfigurationList section */

/* Begin XCRemoteSwiftPackageReference section */
		4E9711BC29EFDDA100BE9727 /* XCRemoteSwiftPackageReference "Alamofire" */ = {
			isa = XCRemoteSwiftPackageReference;
			repositoryURL = "https://github.com/Alamofire/Alamofire.git";
			requirement = {
				kind = upToNextMajorVersion;
				minimumVersion = 5.0.0;
			};
		};
/* End XCRemoteSwiftPackageReference section */

/* Begin XCSwiftPackageProductDependency section */
		4E9711BD29EFDDA100BE9727 /* Alamofire */ = {
			isa = XCSwiftPackageProductDependency;
			package = 4E9711BC29EFDDA100BE9727 /* XCRemoteSwiftPackageReference "Alamofire" */;
			productName = Alamofire;
		};
/* End XCSwiftPackageProductDependency section */

/* Begin XCVersionGroup section */
		4E3E8E2B29EEFED400D1F87A /* CoinWatch.xcdatamodeld */ = {
			isa = XCVersionGroup;
			children = (
				4E3E8E2C29EEFED400D1F87A /* CoinWatch.xcdatamodel */,
			);
			currentVersion = 4E3E8E2C29EEFED400D1F87A /* CoinWatch.xcdatamodel */;
			path = CoinWatch.xcdatamodeld;
			sourceTree = "<group>";
			versionGroupType = wrapper.xcdatamodel;
		};
/* End XCVersionGroup section */
	};
	rootObject = 4E3E8E1729EEFED400D1F87A /* Project object */;
}
